{
  "name": "childhood-speaking-club-tools",
  "lockfileVersion": 3,
  "requires": true,
  "packages": {
    "": {
      "name": "childhood-speaking-club-tools",
      "devDependencies": {
        "cmu-pronouncing-dictionary": "^3.0.0",
        "playwright-core": "^1.49.0"
      }
    },
    "node_modules/cmu-pronouncing-dictionary": {
      "version": "3.0.0",
      "resolved": "https://registry.npmjs.org/cmu-pronouncing-dictionary/-/cmu-pronouncing-dictionary-3.0.0.tgz",
      "integrity": "sha512-6y5X4OxsYFnHERo6WSVPnLrk53G07MOQ8aUb2z555JgwynpbZsHR0a//WdN6DUcmE1j2auTF2TtL4PpoKze8QQ==",
      "dev": true,
      "license": "ISC"
    },
    "node_modules/playwright-core": {
      "version": "1.63.0",
      "resolved": "https://registry.npmjs.org/playwright-core/-/playwright-core-1.63.0.tgz",
      "integrity": "sha512-rYCsBF/M5HjUch52bbtVONEFjv6Xu8sm8h72dNlR5bzIE1fvC/bxgspzkjSfU+MweEMmPM8KJebG6nnyxo5mCg==",
      "dev": true,
      "license": "Apache-2.0",
      "bin": {
        "playwright-core": "cli.js"
      },
      "engines": {
        "node": ">=20"
      }
    }
  }
}
